
Microsoft Visual Studio Solution File, Format Version 12.00
# Visual Studio Version 17
VisualStudioVersion = 17.3.32708.82
MinimumVisualStudioVersion = 10.0.40219.1
Project("{2150E333-8FDC-42A3-9474-1A3956D46DE8}") = "TestTaskApi", "TestTaskApi", "{CEEF56CA-C8EE-44CF-A054-79DB44493E39}"
EndProject
Project("{2150E333-8FDC-42A3-9474-1A3956D46DE8}") = "TestTaskAdminApp", "TestTaskAdminApp", "{F9206028-C551-404F-A72A-1CE0FA6FC1C4}"
EndProject
Project("{9A19103F-16F7-4668-BE54-9A1E7A4F7556}") = "TestTask.AdminApp", "TestTask.AdminApp\TestTask.AdminApp.csproj", "{9BE5E491-4873-49DE-8715-663F0FF6937E}"
EndProject
Project("{2150E333-8FDC-42A3-9474-1A3956D46DE8}") = "Core", "Core", "{DC3D7E4D-CFF8-460D-86AA-62A8B7B56C76}"
EndProject
Project("{2150E333-8FDC-42A3-9474-1A3956D46DE8}") = "Infrastructure", "Infrastructure", "{E51F6737-C477-4CB2-B199-33B30EF9B297}"
EndProject
Project("{2150E333-8FDC-42A3-9474-1A3956D46DE8}") = "Presentation", "Presentation", "{79891EC1-FA2E-47E1-9C61-D32403D8083A}"
EndProject
Project("{2150E333-8FDC-42A3-9474-1A3956D46DE8}") = "Tests", "Tests", "{4A3E2AB9-A101-461A-8054-6E5244EECB78}"
EndProject
Project("{FAE04EC0-301F-11D3-BF4B-00C04F79EFBC}") = "TestTask.Api.Domain", "TestTaskApi.Domain\TestTask.Api.Domain.csproj", "{63FA5262-5F68-4E88-9716-3935939B2E28}"
EndProject
Project("{FAE04EC0-301F-11D3-BF4B-00C04F79EFBC}") = "TestTask.Api.Application", "TestTask.Api.Application\TestTask.Api.Application.csproj", "{8C8B602D-438C-4CEA-BCA8-023FFB41ACF8}"
EndProject
Project("{FAE04EC0-301F-11D3-BF4B-00C04F79EFBC}") = "TestTask.Api.Persistence", "TestTask.Api.Persistence\TestTask.Api.Persistence.csproj", "{1C54BBD0-DC92-4D7D-A8C0-BE57C30C9047}"
EndProject
Project("{FAE04EC0-301F-11D3-BF4B-00C04F79EFBC}") = "TestTask.Api", "TestTask.Api\TestTask.Api.csproj", "{0697802C-F661-4C47-90E3-A0C4F6B9B42C}"
EndProject
Global
	GlobalSection(SolutionConfigurationPlatforms) = preSolution
		Debug|Any CPU = Debug|Any CPU
		Release|Any CPU = Release|Any CPU
	EndGlobalSection
	GlobalSection(ProjectConfigurationPlatforms) = postSolution
		{9BE5E491-4873-49DE-8715-663F0FF6937E}.Debug|Any CPU.ActiveCfg = Debug|Any CPU
		{9BE5E491-4873-49DE-8715-663F0FF6937E}.Debug|Any CPU.Build.0 = Debug|Any CPU
		{9BE5E491-4873-49DE-8715-663F0FF6937E}.Release|Any CPU.ActiveCfg = Release|Any CPU
		{9BE5E491-4873-49DE-8715-663F0FF6937E}.Release|Any CPU.Build.0 = Release|Any CPU
		{63FA5262-5F68-4E88-9716-3935939B2E28}.Debug|Any CPU.ActiveCfg = Debug|Any CPU
		{63FA5262-5F68-4E88-9716-3935939B2E28}.Debug|Any CPU.Build.0 = Debug|Any CPU
		{63FA5262-5F68-4E88-9716-3935939B2E28}.Release|Any CPU.ActiveCfg = Release|Any CPU
		{63FA5262-5F68-4E88-9716-3935939B2E28}.Release|Any CPU.Build.0 = Release|Any CPU
		{8C8B602D-438C-4CEA-BCA8-023FFB41ACF8}.Debug|Any CPU.ActiveCfg = Debug|Any CPU
		{8C8B602D-438C-4CEA-BCA8-023FFB41ACF8}.Debug|Any CPU.Build.0 = Debug|Any CPU
		{8C8B602D-438C-4CEA-BCA8-023FFB41ACF8}.Release|Any CPU.ActiveCfg = Release|Any CPU
		{8C8B602D-438C-4CEA-BCA8-023FFB41ACF8}.Release|Any CPU.Build.0 = Release|Any CPU
		{1C54BBD0-DC92-4D7D-A8C0-BE57C30C9047}.Debug|Any CPU.ActiveCfg = Debug|Any CPU
		{1C54BBD0-DC92-4D7D-A8C0-BE57C30C9047}.Debug|Any CPU.Build.0 = Debug|Any CPU
		{1C54BBD0-DC92-4D7D-A8C0-BE57C30C9047}.Release|Any CPU.ActiveCfg = Release|Any CPU
		{1C54BBD0-DC92-4D7D-A8C0-BE57C30C9047}.Release|Any CPU.Build.0 = Release|Any CPU
		{0697802C-F661-4C47-90E3-A0C4F6B9B42C}.Debug|Any CPU.ActiveCfg = Debug|Any CPU
		{0697802C-F661-4C47-90E3-A0C4F6B9B42C}.Debug|Any CPU.Build.0 = Debug|Any CPU
		{0697802C-F661-4C47-90E3-A0C4F6B9B42C}.Release|Any CPU.ActiveCfg = Release|Any CPU
		{0697802C-F661-4C47-90E3-A0C4F6B9B42C}.Release|Any CPU.Build.0 = Release|Any CPU
	EndGlobalSection
	GlobalSection(SolutionProperties) = preSolution
		HideSolutionNode = FALSE
	EndGlobalSection
	GlobalSection(NestedProjects) = preSolution
		{9BE5E491-4873-49DE-8715-663F0FF6937E} = {F9206028-C551-404F-A72A-1CE0FA6FC1C4}
		{DC3D7E4D-CFF8-460D-86AA-62A8B7B56C76} = {CEEF56CA-C8EE-44CF-A054-79DB44493E39}
		{E51F6737-C477-4CB2-B199-33B30EF9B297} = {CEEF56CA-C8EE-44CF-A054-79DB44493E39}
		{79891EC1-FA2E-47E1-9C61-D32403D8083A} = {CEEF56CA-C8EE-44CF-A054-79DB44493E39}
		{4A3E2AB9-A101-461A-8054-6E5244EECB78} = {CEEF56CA-C8EE-44CF-A054-79DB44493E39}
		{63FA5262-5F68-4E88-9716-3935939B2E28} = {DC3D7E4D-CFF8-460D-86AA-62A8B7B56C76}
		{8C8B602D-438C-4CEA-BCA8-023FFB41ACF8} = {DC3D7E4D-CFF8-460D-86AA-62A8B7B56C76}
		{1C54BBD0-DC92-4D7D-A8C0-BE57C30C9047} = {E51F6737-C477-4CB2-B199-33B30EF9B297}
		{0697802C-F661-4C47-90E3-A0C4F6B9B42C} = {79891EC1-FA2E-47E1-9C61-D32403D8083A}
	EndGlobalSection
	GlobalSection(ExtensibilityGlobals) = postSolution
		SolutionGuid = {C14470E7-9CF8-4191-A9C1-09E6A9FD80CA}
	EndGlobalSection
EndGlobal
